// !$*UTF8*$!
{
	archiveVersion = 1;
	classes = {
	};
	objectVersion = 51;
	objects = {

/* Begin PBXBuildFile section */
		00AAC63426537B7700BD57EA /* AnimeOwlApp.swift in Sources */ = {isa = PBXBuildFile; fileRef = 00AAC63326537B7700BD57EA /* AnimeOwlApp.swift */; };
		00AAC63826537B7900BD57EA /* Assets.xcassets in Resources */ = {isa = PBXBuildFile; fileRef = 00AAC63726537B7900BD57EA /* Assets.xcassets */; };
		00AAC63B26537B7900BD57EA /* Preview Assets.xcassets in Resources */ = {isa = PBXBuildFile; fileRef = 00AAC63A26537B7900BD57EA /* Preview Assets.xcassets */; };
		00AAC64426537BA300BD57EA /* Anime.swift in Sources */ = {isa = PBXBuildFile; fileRef = 00AAC64326537BA300BD57EA /* Anime.swift */; };
		00AAC64B26537BBE00BD57EA /* AnimeModel.swift in Sources */ = {isa = PBXBuildFile; fileRef = 00AAC64626537BBE00BD57EA /* AnimeModel.swift */; };
		00AAC64C26537BBE00BD57EA /* AnimeViewModel.swift in Sources */ = {isa = PBXBuildFile; fileRef = 00AAC64726537BBE00BD57EA /* AnimeViewModel.swift */; };
		00AAC64E26537BBE00BD57EA /* ContentView.swift in Sources */ = {isa = PBXBuildFile; fileRef = 00AAC64A26537BBE00BD57EA /* ContentView.swift */; };
		00AAC65626537F4F00BD57EA /* GoogleService-Info.plist in Resources */ = {isa = PBXBuildFile; fileRef = 00AAC65526537F4F00BD57EA /* GoogleService-Info.plist */; };
		00AAC65A265382E100BD57EA /* LaunchView.swift in Sources */ = {isa = PBXBuildFile; fileRef = 00AAC659265382E100BD57EA /* LaunchView.swift */; };
		00AAC65C26538B1F00BD57EA /* LoginForm.swift in Sources */ = {isa = PBXBuildFile; fileRef = 00AAC65B26538B1F00BD57EA /* LoginForm.swift */; };
		00AAC65E26538F7F00BD57EA /* CreateAccountForm.swift in Sources */ = {isa = PBXBuildFile; fileRef = 00AAC65D26538F7F00BD57EA /* CreateAccountForm.swift */; };
		00AAC6602653A1CA00BD57EA /* OwlLogo.swift in Sources */ = {isa = PBXBuildFile; fileRef = 00AAC65F2653A1CA00BD57EA /* OwlLogo.swift */; };
		00AAC6622653A79E00BD57EA /* HomeButton.swift in Sources */ = {isa = PBXBuildFile; fileRef = 00AAC6612653A79E00BD57EA /* HomeButton.swift */; };
		9D9E0612C3422745C84A5E87 /* Pods_AnimeOwl.framework in Frameworks */ = {isa = PBXBuildFile; fileRef = 0915A78C1907C7402CE23399 /* Pods_AnimeOwl.framework */; };
/* End PBXBuildFile section */

/* Begin PBXFileReference section */
		00AAC63026537B7700BD57EA /* AnimeOwl.app */ = {isa = PBXFileReference; explicitFileType = wrapper.application; includeInIndex = 0; path = AnimeOwl.app; sourceTree = BUILT_PRODUCTS_DIR; };
		00AAC63326537B7700BD57EA /* AnimeOwlApp.swift */ = {isa = PBXFileReference; lastKnownFileType = sourcecode.swift; path = AnimeOwlApp.swift; sourceTree = "<group>"; };
		00AAC63726537B7900BD57EA /* Assets.xcassets */ = {isa = PBXFileReference; lastKnownFileType = folder.assetcatalog; path = Assets.xcassets; sourceTree = "<group>"; };
		00AAC63A26537B7900BD57EA /* Preview Assets.xcassets */ = {isa = PBXFileReference; lastKnownFileType = folder.assetcatalog; path = "Preview Assets.xcassets"; sourceTree = "<group>"; };
		00AAC63C26537B7900BD57EA /* Info.plist */ = {isa = PBXFileReference; lastKnownFileType = text.plist.xml; path = Info.plist; sourceTree = "<group>"; };
		00AAC64326537BA300BD57EA /* Anime.swift */ = {isa = PBXFileReference; fileEncoding = 4; lastKnownFileType = sourcecode.swift; path = Anime.swift; sourceTree = "<group>"; };
		00AAC64626537BBE00BD57EA /* AnimeModel.swift */ = {isa = PBXFileReference; fileEncoding = 4; lastKnownFileType = sourcecode.swift; path = AnimeModel.swift; sourceTree = "<group>"; };
		00AAC64726537BBE00BD57EA /* AnimeViewModel.swift */ = {isa = PBXFileReference; fileEncoding = 4; lastKnownFileType = sourcecode.swift; path = AnimeViewModel.swift; sourceTree = "<group>"; };
		00AAC64A26537BBE00BD57EA /* ContentView.swift */ = {isa = PBXFileReference; fileEncoding = 4; lastKnownFileType = sourcecode.swift; path = ContentView.swift; sourceTree = "<group>"; };
		00AAC65526537F4F00BD57EA /* GoogleService-Info.plist */ = {isa = PBXFileReference; fileEncoding = 4; lastKnownFileType = text.plist.xml; path = "GoogleService-Info.plist"; sourceTree = "<group>"; };
		00AAC659265382E100BD57EA /* LaunchView.swift */ = {isa = PBXFileReference; lastKnownFileType = sourcecode.swift; path = LaunchView.swift; sourceTree = "<group>"; };
		00AAC65B26538B1F00BD57EA /* LoginForm.swift */ = {isa = PBXFileReference; lastKnownFileType = sourcecode.swift; path = LoginForm.swift; sourceTree = "<group>"; };
		00AAC65D26538F7F00BD57EA /* CreateAccountForm.swift */ = {isa = PBXFileReference; lastKnownFileType = sourcecode.swift; path = CreateAccountForm.swift; sourceTree = "<group>"; };
		00AAC65F2653A1CA00BD57EA /* OwlLogo.swift */ = {isa = PBXFileReference; lastKnownFileType = sourcecode.swift; path = OwlLogo.swift; sourceTree = "<group>"; };
		00AAC6612653A79E00BD57EA /* HomeButton.swift */ = {isa = PBXFileReference; lastKnownFileType = sourcecode.swift; path = HomeButton.swift; sourceTree = "<group>"; };
		0915A78C1907C7402CE23399 /* Pods_AnimeOwl.framework */ = {isa = PBXFileReference; explicitFileType = wrapper.framework; includeInIndex = 0; path = Pods_AnimeOwl.framework; sourceTree = BUILT_PRODUCTS_DIR; };
		5D491E9B5E5A2E402E04AC10 /* Pods-AnimeOwl.release.xcconfig */ = {isa = PBXFileReference; includeInIndex = 1; lastKnownFileType = text.xcconfig; name = "Pods-AnimeOwl.release.xcconfig"; path = "Target Support Files/Pods-AnimeOwl/Pods-AnimeOwl.release.xcconfig"; sourceTree = "<group>"; };
		B099514FEF3C754AACF689AE /* Pods-AnimeOwl.debug.xcconfig */ = {isa = PBXFileReference; includeInIndex = 1; lastKnownFileType = text.xcconfig; name = "Pods-AnimeOwl.debug.xcconfig"; path = "Target Support Files/Pods-AnimeOwl/Pods-AnimeOwl.debug.xcconfig"; sourceTree = "<group>"; };
/* End PBXFileReference section */

/* Begin PBXFrameworksBuildPhase section */
		00AAC62D26537B7700BD57EA /* Frameworks */ = {
			isa = PBXFrameworksBuildPhase;
			buildActionMask = 2147483647;
			files = (
				9D9E0612C3422745C84A5E87 /* Pods_AnimeOwl.framework in Frameworks */,
			);
			runOnlyForDeploymentPostprocessing = 0;
		};
/* End PBXFrameworksBuildPhase section */

/* Begin PBXGroup section */
		00AAC62726537B7700BD57EA = {
			isa = PBXGroup;
			children = (
				00AAC63226537B7700BD57EA /* AnimeOwl */,
				00AAC63126537B7700BD57EA /* Products */,
				677F6985761A42E1E8AA0D02 /* Pods */,
				76188B5AB772809A5AEFA632 /* Frameworks */,
			);
			sourceTree = "<group>";
		};
		00AAC63126537B7700BD57EA /* Products */ = {
			isa = PBXGroup;
			children = (
				00AAC63026537B7700BD57EA /* AnimeOwl.app */,
			);
			name = Products;
			sourceTree = "<group>";
		};
		00AAC63226537B7700BD57EA /* AnimeOwl */ = {
			isa = PBXGroup;
			children = (
				00AAC63326537B7700BD57EA /* AnimeOwlApp.swift */,
				00AAC64926537BBE00BD57EA /* Views */,
				00AAC64526537BBE00BD57EA /* ViewModels */,
				00AAC64226537BA300BD57EA /* Models */,
				00AAC63726537B7900BD57EA /* Assets.xcassets */,
				00AAC65526537F4F00BD57EA /* GoogleService-Info.plist */,
				00AAC63C26537B7900BD57EA /* Info.plist */,
				00AAC63926537B7900BD57EA /* Preview Content */,
			);
			path = AnimeOwl;
			sourceTree = "<group>";
		};
		00AAC63926537B7900BD57EA /* Preview Content */ = {
			isa = PBXGroup;
			children = (
				00AAC63A26537B7900BD57EA /* Preview Assets.xcassets */,
			);
			path = "Preview Content";
			sourceTree = "<group>";
		};
		00AAC64226537BA300BD57EA /* Models */ = {
			isa = PBXGroup;
			children = (
				00AAC64326537BA300BD57EA /* Anime.swift */,
			);
			path = Models;
			sourceTree = "<group>";
		};
		00AAC64526537BBE00BD57EA /* ViewModels */ = {
			isa = PBXGroup;
			children = (
				00AAC64626537BBE00BD57EA /* AnimeModel.swift */,
				00AAC64726537BBE00BD57EA /* AnimeViewModel.swift */,
			);
			path = ViewModels;
			sourceTree = "<group>";
		};
		00AAC64926537BBE00BD57EA /* Views */ = {
			isa = PBXGroup;
			children = (
				00AAC659265382E100BD57EA /* LaunchView.swift */,
				00AAC64A26537BBE00BD57EA /* ContentView.swift */,
				00AAC65B26538B1F00BD57EA /* LoginForm.swift */,
				00AAC65D26538F7F00BD57EA /* CreateAccountForm.swift */,
				00AAC65F2653A1CA00BD57EA /* OwlLogo.swift */,
				00AAC6612653A79E00BD57EA /* HomeButton.swift */,
			);
			path = Views;
			sourceTree = "<group>";
		};
		677F6985761A42E1E8AA0D02 /* Pods */ = {
			isa = PBXGroup;
			children = (
				B099514FEF3C754AACF689AE /* Pods-AnimeOwl.debug.xcconfig */,
				5D491E9B5E5A2E402E04AC10 /* Pods-AnimeOwl.release.xcconfig */,
			);
			path = Pods;
			sourceTree = "<group>";
		};
		76188B5AB772809A5AEFA632 /* Frameworks */ = {
			isa = PBXGroup;
			children = (
				0915A78C1907C7402CE23399 /* Pods_AnimeOwl.framework */,
			);
			name = Frameworks;
			sourceTree = "<group>";
		};
/* End PBXGroup section */

/* Begin PBXNativeTarget section */
		00AAC62F26537B7700BD57EA /* AnimeOwl */ = {
			isa = PBXNativeTarget;
			buildConfigurationList = 00AAC63F26537B7900BD57EA /* Build configuration list for PBXNativeTarget "AnimeOwl" */;
			buildPhases = (
				641A340EF95117B9172264BF /* [CP] Check Pods Manifest.lock */,
				00AAC62C26537B7700BD57EA /* Sources */,
				00AAC62D26537B7700BD57EA /* Frameworks */,
				00AAC62E26537B7700BD57EA /* Resources */,
				1C7D97685D62F58978AFD479 /* [CP] Embed Pods Frameworks */,
			);
			buildRules = (
			);
			dependencies = (
			);
			name = AnimeOwl;
			productName = AnimeOwl;
			productReference = 00AAC63026537B7700BD57EA /* AnimeOwl.app */;
			productType = "com.apple.product-type.application";
		};
/* End PBXNativeTarget section */

/* Begin PBXProject section */
		00AAC62826537B7700BD57EA /* Project object */ = {
			isa = PBXProject;
			attributes = {
				LastSwiftUpdateCheck = 1250;
				LastUpgradeCheck = 1250;
				TargetAttributes = {
					00AAC62F26537B7700BD57EA = {
						CreatedOnToolsVersion = 12.5;
					};
				};
			};
			buildConfigurationList = 00AAC62B26537B7700BD57EA /* Build configuration list for PBXProject "AnimeOwl" */;
			compatibilityVersion = "Xcode 9.3";
			developmentRegion = en;
			hasScannedForEncodings = 0;
			knownRegions = (
				en,
				Base,
			);
			mainGroup = 00AAC62726537B7700BD57EA;
			productRefGroup = 00AAC63126537B7700BD57EA /* Products */;
			projectDirPath = "";
			projectRoot = "";
			targets = (
				00AAC62F26537B7700BD57EA /* AnimeOwl */,
			);
		};
/* End PBXProject section */

/* Begin PBXResourcesBuildPhase section */
		00AAC62E26537B7700BD57EA /* Resources */ = {
			isa = PBXResourcesBuildPhase;
			buildActionMask = 2147483647;
			files = (
				00AAC65626537F4F00BD57EA /* GoogleService-Info.plist in Resources */,
				00AAC63B26537B7900BD57EA /* Preview Assets.xcassets in Resources */,
				00AAC63826537B7900BD57EA /* Assets.xcassets in Resources */,
			);
			runOnlyForDeploymentPostprocessing = 0;
		};
/* End PBXResourcesBuildPhase section */

/* Begin PBXShellScriptBuildPhase section */
		1C7D97685D62F58978AFD479 /* [CP] Embed Pods Frameworks */ = {
			isa = PBXShellScriptBuildPhase;
			buildActionMask = 2147483647;
			files = (
			);
			inputFileListPaths = (
				"${PODS_ROOT}/Target Support Files/Pods-AnimeOwl/Pods-AnimeOwl-frameworks-${CONFIGURATION}-input-files.xcfilelist",
			);
			name = "[CP] Embed Pods Frameworks";
			outputFileListPaths = (
				"${PODS_ROOT}/Target Support Files/Pods-AnimeOwl/Pods-AnimeOwl-frameworks-${CONFIGURATION}-output-files.xcfilelist",
			);
			runOnlyForDeploymentPostprocessing = 0;
			shellPath = /bin/sh;
			shellScript = "\"${PODS_ROOT}/Target Support Files/Pods-AnimeOwl/Pods-AnimeOwl-frameworks.sh\"\n";
			showEnvVarsInLog = 0;
		};
		641A340EF95117B9172264BF /* [CP] Check Pods Manifest.lock */ = {
			isa = PBXShellScriptBuildPhase;
			buildActionMask = 2147483647;
			files = (
			);
			inputFileListPaths = (
			);
			inputPaths = (
				"${PODS_PODFILE_DIR_PATH}/Podfile.lock",
				"${PODS_ROOT}/Manifest.lock",
			);
			name = "[CP] Check Pods Manifest.lock";
			outputFileListPaths = (
			);
			outputPaths = (
				"$(DERIVED_FILE_DIR)/Pods-AnimeOwl-checkManifestLockResult.txt",
			);
			runOnlyForDeploymentPostprocessing = 0;
			shellPath = /bin/sh;
			shellScript = "diff \"${PODS_PODFILE_DIR_PATH}/Podfile.lock\" \"${PODS_ROOT}/Manifest.lock\" > /dev/null\nif [ $? != 0 ] ; then\n    # print error to STDERR\n    echo \"error: The sandbox is not in sync with the Podfile.lock. Run 'pod install' or update your CocoaPods installation.\" >&2\n    exit 1\nfi\n# This output is used by Xcode 'outputs' to avoid re-running this script phase.\necho \"SUCCESS\" > \"${SCRIPT_OUTPUT_FILE_0}\"\n";
			showEnvVarsInLog = 0;
		};
/* End PBXShellScriptBuildPhase section */

/* Begin PBXSourcesBuildPhase section */
		00AAC62C26537B7700BD57EA /* Sources */ = {
			isa = PBXSourcesBuildPhase;
			buildActionMask = 2147483647;
			files = (
				00AAC64C26537BBE00BD57EA /* AnimeViewModel.swift in Sources */,
				00AAC64E26537BBE00BD57EA /* ContentView.swift in Sources */,
				00AAC65A265382E100BD57EA /* LaunchView.swift in Sources */,
				00AAC63426537B7700BD57EA /* AnimeOwlApp.swift in Sources */,
				00AAC65C26538B1F00BD57EA /* LoginForm.swift in Sources */,
				00AAC64B26537BBE00BD57EA /* AnimeModel.swift in Sources */,
				00AAC64426537BA300BD57EA /* Anime.swift in Sources */,
				00AAC65E26538F7F00BD57EA /* CreateAccountForm.swift in Sources */,
				00AAC6622653A79E00BD57EA /* HomeButton.swift in Sources */,
				00AAC6602653A1CA00BD57EA /* OwlLogo.swift in Sources */,
			);
			runOnlyForDeploymentPostprocessing = 0;
		};
/* End PBXSourcesBuildPhase section */

/* Begin XCBuildConfiguration section */
		00AAC63D26537B7900BD57EA /* Debug */ = {
			isa = XCBuildConfiguration;
			buildSettings = {
				ALWAYS_SEARCH_USER_PATHS = NO;
				CLANG_ANALYZER_NONNULL = YES;
				CLANG_ANALYZER_NUMBER_OBJECT_CONVERSION = YES_AGGRESSIVE;
				CLANG_CXX_LANGUAGE_STANDARD = "gnu++14";
				CLANG_CXX_LIBRARY = "libc++";
				CLANG_ENABLE_MODULES = YES;
				CLANG_ENABLE_OBJC_ARC = YES;
				CLANG_ENABLE_OBJC_WEAK = YES;
				CLANG_WARN_BLOCK_CAPTURE_AUTORELEASING = YES;
				CLANG_WARN_BOOL_CONVERSION = YES;
				CLANG_WARN_COMMA = YES;
				CLANG_WARN_CONSTANT_CONVERSION = YES;
				CLANG_WARN_DEPRECATED_OBJC_IMPLEMENTATIONS = YES;
				CLANG_WARN_DIRECT_OBJC_ISA_USAGE = YES_ERROR;
				CLANG_WARN_DOCUMENTATION_COMMENTS = YES;
				CLANG_WARN_EMPTY_BODY = YES;
				CLANG_WARN_ENUM_CONVERSION = YES;
				CLANG_WARN_INFINITE_RECURSION = YES;
				CLANG_WARN_INT_CONVERSION = YES;
				CLANG_WARN_NON_LITERAL_NULL_CONVERSION = YES;
				CLANG_WARN_OBJC_IMPLICIT_RETAIN_SELF = YES;
				CLANG_WARN_OBJC_LITERAL_CONVERSION = YES;
				CLANG_WARN_OBJC_ROOT_CLASS = YES_ERROR;
				CLANG_WARN_QUOTED_INCLUDE_IN_FRAMEWORK_HEADER = YES;
				CLANG_WARN_RANGE_LOOP_ANALYSIS = YES;
				CLANG_WARN_STRICT_PROTOTYPES = YES;
				CLANG_WARN_SUSPICIOUS_MOVE = YES;
				CLANG_WARN_UNGUARDED_AVAILABILITY = YES_AGGRESSIVE;
				CLANG_WARN_UNREACHABLE_CODE = YES;
				CLANG_WARN__DUPLICATE_METHOD_MATCH = YES;
				COPY_PHASE_STRIP = NO;
				DEBUG_INFORMATION_FORMAT = dwarf;
				ENABLE_STRICT_OBJC_MSGSEND = YES;
				ENABLE_TESTABILITY = YES;
				GCC_C_LANGUAGE_STANDARD = gnu11;
				GCC_DYNAMIC_NO_PIC = NO;
				GCC_NO_COMMON_BLOCKS = YES;
				GCC_OPTIMIZATION_LEVEL = 0;
				GCC_PREPROCESSOR_DEFINITIONS = (
					"DEBUG=1",
					"$(inherited)",
				);
				GCC_WARN_64_TO_32_BIT_CONVERSION = YES;
				GCC_WARN_ABOUT_RETURN_TYPE = YES_ERROR;
				GCC_WARN_UNDECLARED_SELECTOR = YES;
				GCC_WARN_UNINITIALIZED_AUTOS = YES_AGGRESSIVE;
				GCC_WARN_UNUSED_FUNCTION = YES;
				GCC_WARN_UNUSED_VARIABLE = YES;
				IPHONEOS_DEPLOYMENT_TARGET = 14.5;
				MTL_ENABLE_DEBUG_INFO = INCLUDE_SOURCE;
				MTL_FAST_MATH = YES;
				ONLY_ACTIVE_ARCH = YES;
				SDKROOT = iphoneos;
				SWIFT_ACTIVE_COMPILATION_CONDITIONS = DEBUG;
				SWIFT_OPTIMIZATION_LEVEL = "-Onone";
			};
			name = Debug;
		};
		00AAC63E26537B7900BD57EA /* Release */ = {
			isa = XCBuildConfiguration;
			buildSettings = {
				ALWAYS_SEARCH_USER_PATHS = NO;
				CLANG_ANALYZER_NONNULL = YES;
				CLANG_ANALYZER_NUMBER_OBJECT_CONVERSION = YES_AGGRESSIVE;
				CLANG_CXX_LANGUAGE_STANDARD = "gnu++14";
				CLANG_CXX_LIBRARY = "libc++";
				CLANG_ENABLE_MODULES = YES;
				CLANG_ENABLE_OBJC_ARC = YES;
				CLANG_ENABLE_OBJC_WEAK = YES;
				CLANG_WARN_BLOCK_CAPTURE_AUTORELEASING = YES;
				CLANG_WARN_BOOL_CONVERSION = YES;
				CLANG_WARN_COMMA = YES;
				CLANG_WARN_CONSTANT_CONVERSION = YES;
				CLANG_WARN_DEPRECATED_OBJC_IMPLEMENTATIONS = YES;
				CLANG_WARN_DIRECT_OBJC_ISA_USAGE = YES_ERROR;
				CLANG_WARN_DOCUMENTATION_COMMENTS = YES;
				CLANG_WARN_EMPTY_BODY = YES;
				CLANG_WARN_ENUM_CONVERSION = YES;
				CLANG_WARN_INFINITE_RECURSION = YES;
				CLANG_WARN_INT_CONVERSION = YES;
				CLANG_WARN_NON_LITERAL_NULL_CONVERSION = YES;
				CLANG_WARN_OBJC_IMPLICIT_RETAIN_SELF = YES;
				CLANG_WARN_OBJC_LITERAL_CONVERSION = YES;
				CLANG_WARN_OBJC_ROOT_CLASS = YES_ERROR;
				CLANG_WARN_QUOTED_INCLUDE_IN_FRAMEWORK_HEADER = YES;
				CLANG_WARN_RANGE_LOOP_ANALYSIS = YES;
				CLANG_WARN_STRICT_PROTOTYPES = YES;
				CLANG_WARN_SUSPICIOUS_MOVE = YES;
				CLANG_WARN_UNGUARDED_AVAILABILITY = YES_AGGRESSIVE;
				CLANG_WARN_UNREACHABLE_CODE = YES;
				CLANG_WARN__DUPLICATE_METHOD_MATCH = YES;
				COPY_PHASE_STRIP = NO;
				DEBUG_INFORMATION_FORMAT = "dwarf-with-dsym";
				ENABLE_NS_ASSERTIONS = NO;
				ENABLE_STRICT_OBJC_MSGSEND = YES;
				GCC_C_LANGUAGE_STANDARD = gnu11;
				GCC_NO_COMMON_BLOCKS = YES;
				GCC_WARN_64_TO_32_BIT_CONVERSION = YES;
				GCC_WARN_ABOUT_RETURN_TYPE = YES_ERROR;
				GCC_WARN_UNDECLARED_SELECTOR = YES;
				GCC_WARN_UNINITIALIZED_AUTOS = YES_AGGRESSIVE;
				GCC_WARN_UNUSED_FUNCTION = YES;
				GCC_WARN_UNUSED_VARIABLE = YES;
				IPHONEOS_DEPLOYMENT_TARGET = 14.5;
				MTL_ENABLE_DEBUG_INFO = NO;
				MTL_FAST_MATH = YES;
				SDKROOT = iphoneos;
				SWIFT_COMPILATION_MODE = wholemodule;
				SWIFT_OPTIMIZATION_LEVEL = "-O";
				VALIDATE_PRODUCT = YES;
			};
			name = Release;
		};
		00AAC64026537B7900BD57EA /* Debug */ = {
			isa = XCBuildConfiguration;
			baseConfigurationReference = B099514FEF3C754AACF689AE /* Pods-AnimeOwl.debug.xcconfig */;
			buildSettings = {
				ASSETCATALOG_COMPILER_APPICON_NAME = AppIcon;
				ASSETCATALOG_COMPILER_GLOBAL_ACCENT_COLOR_NAME = AccentColor;
				CODE_SIGN_STYLE = Automatic;
				DEVELOPMENT_ASSET_PATHS = "\"AnimeOwl/Preview Content\"";
				DEVELOPMENT_TEAM = 53VC38FJ7J;
				ENABLE_PREVIEWS = YES;
				INFOPLIST_FILE = AnimeOwl/Info.plist;
				IPHONEOS_DEPLOYMENT_TARGET = 14.0;
				LD_RUNPATH_SEARCH_PATHS = (
					"$(inherited)",
					"@executable_path/Frameworks",
				);
				PRODUCT_BUNDLE_IDENTIFIER = Uth.AnimeOwl;
				PRODUCT_NAME = "$(TARGET_NAME)";
				SWIFT_VERSION = 5.0;
				TARGETED_DEVICE_FAMILY = "1,2";
			};
			name = Debug;
		};
		00AAC64126537B7900BD57EA /* Release */ = {
			isa = XCBuildConfiguration;
			baseConfigurationReference = 5D491E9B5E5A2E402E04AC10 /* Pods-AnimeOwl.release.xcconfig */;
			buildSettings = {
				ASSETCATALOG_COMPILER_APPICON_NAME = AppIcon;
				ASSETCATALOG_COMPILER_GLOBAL_ACCENT_COLOR_NAME = AccentColor;
				CODE_SIGN_STYLE = Automatic;
				DEVELOPMENT_ASSET_PATHS = "\"AnimeOwl/Preview Content\"";
				DEVELOPMENT_TEAM = 53VC38FJ7J;
				ENABLE_PREVIEWS = YES;
				INFOPLIST_FILE = AnimeOwl/Info.plist;
				IPHONEOS_DEPLOYMENT_TARGET = 14.0;
				LD_RUNPATH_SEARCH_PATHS = (
					"$(inherited)",
					"@executable_path/Frameworks",
				);
				PRODUCT_BUNDLE_IDENTIFIER = Uth.AnimeOwl;
				PRODUCT_NAME = "$(TARGET_NAME)";
				SWIFT_VERSION = 5.0;
				TARGETED_DEVICE_FAMILY = "1,2";
			};
			name = Release;
		};
/* End XCBuildConfiguration section */

/* Begin XCConfigurationList section */
		00AAC62B26537B7700BD57EA /* Build configuration list for PBXProject "AnimeOwl" */ = {
			isa = XCConfigurationList;
			buildConfigurations = (
				00AAC63D26537B7900BD57EA /* Debug */,
				00AAC63E26537B7900BD57EA /* Release */,
			);
			defaultConfigurationIsVisible = 0;
			defaultConfigurationName = Release;
		};
		00AAC63F26537B7900BD57EA /* Build configuration list for PBXNativeTarget "AnimeOwl" */ = {
			isa = XCConfigurationList;
			buildConfigurations = (
				00AAC64026537B7900BD57EA /* Debug */,
				00AAC64126537B7900BD57EA /* Release */,
			);
			defaultConfigurationIsVisible = 0;
			defaultConfigurationName = Release;
		};
/* End XCConfigurationList section */
	};
	rootObject = 00AAC62826537B7700BD57EA /* Project object */;
}
